
Microsoft Visual Studio Solution File, Format Version 12.00
# Visual Studio Version 17
VisualStudioVersion = 17.13.35931.197 d17.13
MinimumVisualStudioVersion = 10.0.40219.1
Project("{FAE04EC0-301F-11D3-BF4B-00C04F79EFBC}") = "UserManagementWebApp.API", "UserManagementWebApp.API\UserManagementWebApp.API.csproj", "{83EAA59B-4CCD-4AC2-AFF6-9A28CEDB5896}"
EndProject
Global
	GlobalSection(SolutionConfigurationPlatforms) = preSolution
		Debug|Any CPU = Debug|Any CPU
		Release|Any CPU = Release|Any CPU
	EndGlobalSection
	GlobalSection(ProjectConfigurationPlatforms) = postSolution
		{83EAA59B-4CCD-4AC2-AFF6-9A28CEDB5896}.Debug|Any CPU.ActiveCfg = Debug|Any CPU
		{83EAA59B-4CCD-4AC2-AFF6-9A28CEDB5896}.Debug|Any CPU.Build.0 = Debug|Any CPU
		{83EAA59B-4CCD-4AC2-AFF6-9A28CEDB5896}.Release|Any CPU.ActiveCfg = Release|Any CPU
		{83EAA59B-4CCD-4AC2-AFF6-9A28CEDB5896}.Release|Any CPU.Build.0 = Release|Any CPU
	EndGlobalSection
	GlobalSection(SolutionProperties) = preSolution
		HideSolutionNode = FALSE
	EndGlobalSection
	GlobalSection(ExtensibilityGlobals) = postSolution
		SolutionGuid = {B97E1A63-1F37-4C6B-B709-588BC6049C5E}
	EndGlobalSection
EndGlobal
